// !$*UTF8*$!
{
	archiveVersion = 1;
	classes = {
	};
	objectVersion = 50;
	objects = {

/* Begin PBXBuildFile section */
		2B0462C420BD496800CC7C3E /* Challenge.swift in Sources */ = {isa = PBXBuildFile; fileRef = 2B0462C320BD496800CC7C3E /* Challenge.swift */; };
		2B0B7B01208F0D2900532815 /* AppDelegate.swift in Sources */ = {isa = PBXBuildFile; fileRef = 2B0B7B00208F0D2900532815 /* AppDelegate.swift */; };
		2B0B7B03208F0D2900532815 /* MainTabVC.swift in Sources */ = {isa = PBXBuildFile; fileRef = 2B0B7B02208F0D2900532815 /* MainTabVC.swift */; };
		2B0B7B08208F0D2B00532815 /* Assets.xcassets in Resources */ = {isa = PBXBuildFile; fileRef = 2B0B7B07208F0D2B00532815 /* Assets.xcassets */; };
		2B0B7B0B208F0D2B00532815 /* LaunchScreen.storyboard in Resources */ = {isa = PBXBuildFile; fileRef = 2B0B7B09208F0D2B00532815 /* LaunchScreen.storyboard */; };
		2B0B7B14208F0EF700532815 /* ChallengeController.swift in Sources */ = {isa = PBXBuildFile; fileRef = 2B0B7B13208F0EF700532815 /* ChallengeController.swift */; };
		2B0B7B18208F0F5900532815 /* RateController.swift in Sources */ = {isa = PBXBuildFile; fileRef = 2B0B7B17208F0F5900532815 /* RateController.swift */; };
		2B0B7B1B208F0FB600532815 /* UserController.swift in Sources */ = {isa = PBXBuildFile; fileRef = 2B0B7B1A208F0FB600532815 /* UserController.swift */; };
		2B0B7B1E208F11B300532815 /* TopListController.swift in Sources */ = {isa = PBXBuildFile; fileRef = 2B0B7B1D208F11B300532815 /* TopListController.swift */; };
		2B0E1B80209B1C6200163C23 /* ReferenceEnums.swift in Sources */ = {isa = PBXBuildFile; fileRef = 2B0E1B7F209B1C6200163C23 /* ReferenceEnums.swift */; };
		2B0E1B83209B203500163C23 /* FireBaseUser.swift in Sources */ = {isa = PBXBuildFile; fileRef = 2B0E1B82209B203500163C23 /* FireBaseUser.swift */; };
		2B0E1B86209B20FA00163C23 /* User.swift in Sources */ = {isa = PBXBuildFile; fileRef = 2B0E1B85209B20FA00163C23 /* User.swift */; };
		2B2039E4208F2CBC00C4CF43 /* CameraController.swift in Sources */ = {isa = PBXBuildFile; fileRef = 2B2039E3208F2CBC00C4CF43 /* CameraController.swift */; };
		2B2039E7208F45BC00C4CF43 /* EditPhotoController.swift in Sources */ = {isa = PBXBuildFile; fileRef = 2B2039E6208F45BC00C4CF43 /* EditPhotoController.swift */; };
		2B2039EA208F5CC700C4CF43 /* FilterSlider.swift in Sources */ = {isa = PBXBuildFile; fileRef = 2B2039E9208F5CC700C4CF43 /* FilterSlider.swift */; };
		2B2AE49920B2E80500151091 /* FireBaseVote.swift in Sources */ = {isa = PBXBuildFile; fileRef = 2B2AE49820B2E80500151091 /* FireBaseVote.swift */; };
		2B2AE49B20B2F1AE00151091 /* MonthKey.swift in Sources */ = {isa = PBXBuildFile; fileRef = 2B2AE49A20B2F1AE00151091 /* MonthKey.swift */; };
		2B2AE49E20B2F63300151091 /* FireBaseTopLists.swift in Sources */ = {isa = PBXBuildFile; fileRef = 2B2AE49D20B2F63300151091 /* FireBaseTopLists.swift */; };
		2B2AE4A020B2F6E200151091 /* TopListScore.swift in Sources */ = {isa = PBXBuildFile; fileRef = 2B2AE49F20B2F6E200151091 /* TopListScore.swift */; };
		2B47D88920BE97470003095B /* RateControllerDatabaseFunctions.swift in Sources */ = {isa = PBXBuildFile; fileRef = 2B47D88820BE97470003095B /* RateControllerDatabaseFunctions.swift */; };
		2B52D237208F12ED00090285 /* Colors.swift in Sources */ = {isa = PBXBuildFile; fileRef = 2B52D236208F12ED00090285 /* Colors.swift */; };
		2B52D239208F13EE00090285 /* UIViewExtension.swift in Sources */ = {isa = PBXBuildFile; fileRef = 2B52D238208F13EE00090285 /* UIViewExtension.swift */; };
		2B52D23B208F13F800090285 /* UIStackViewExtension.swift in Sources */ = {isa = PBXBuildFile; fileRef = 2B52D23A208F13F800090285 /* UIStackViewExtension.swift */; };
		2B73389820A99CEE00AB59E0 /* TopListCollectionViewFunctions.swift in Sources */ = {isa = PBXBuildFile; fileRef = 2B73389720A99CEE00AB59E0 /* TopListCollectionViewFunctions.swift */; };
		2B73389A20A99D2A00AB59E0 /* TopListCollectionViewCell.swift in Sources */ = {isa = PBXBuildFile; fileRef = 2B73389920A99D2A00AB59E0 /* TopListCollectionViewCell.swift */; };
		2B73389C20A9A4FE00AB59E0 /* TopListControllerHeader.swift in Sources */ = {isa = PBXBuildFile; fileRef = 2B73389B20A9A4FE00AB59E0 /* TopListControllerHeader.swift */; };
		2B73389E20A9A85800AB59E0 /* StatusBar.swift in Sources */ = {isa = PBXBuildFile; fileRef = 2B73389D20A9A85800AB59E0 /* StatusBar.swift */; };
		2B7338A120A9AF8800AB59E0 /* Names.swift in Sources */ = {isa = PBXBuildFile; fileRef = 2B7338A020A9AF8800AB59E0 /* Names.swift */; };
		2B8CE3C1209B06F40045C028 /* GoogleService-Info.plist in Resources */ = {isa = PBXBuildFile; fileRef = 2B8CE3C0209B06F40045C028 /* GoogleService-Info.plist */; };
		2B8CE3C6209B0DC20045C028 /* LoginVC.swift in Sources */ = {isa = PBXBuildFile; fileRef = 2B8CE3C4209B0DC10045C028 /* LoginVC.swift */; };
		2B8CE3C7209B0DC20045C028 /* RegisterVC.swift in Sources */ = {isa = PBXBuildFile; fileRef = 2B8CE3C5209B0DC20045C028 /* RegisterVC.swift */; };
		2B8CE3C9209B0DEE0045C028 /* UITextFieldExtension.swift in Sources */ = {isa = PBXBuildFile; fileRef = 2B8CE3C8209B0DEE0045C028 /* UITextFieldExtension.swift */; };
		2B8CE3CC209B15B00045C028 /* FireBaseAuth.swift in Sources */ = {isa = PBXBuildFile; fileRef = 2B8CE3CB209B15B00045C028 /* FireBaseAuth.swift */; };
		2B8CE3CE209B165F0045C028 /* FireBaseRegister.swift in Sources */ = {isa = PBXBuildFile; fileRef = 2B8CE3CD209B165F0045C028 /* FireBaseRegister.swift */; };
		2B8CE3D0209B18E30045C028 /* UIAlertControllerExtension.swift in Sources */ = {isa = PBXBuildFile; fileRef = 2B8CE3CF209B18E30045C028 /* UIAlertControllerExtension.swift */; };
		2B8CE53320A1914200C8EC3D /* CETTime.swift in Sources */ = {isa = PBXBuildFile; fileRef = 2B8CE53220A1914200C8EC3D /* CETTime.swift */; };
		2B8CE53620A193AD00C8EC3D /* FireBaseChallenges.swift in Sources */ = {isa = PBXBuildFile; fileRef = 2B8CE53520A193AD00C8EC3D /* FireBaseChallenges.swift */; };
		2B8CE53920A19BEA00C8EC3D /* FireBasePosts.swift in Sources */ = {isa = PBXBuildFile; fileRef = 2B8CE53820A19BEA00C8EC3D /* FireBasePosts.swift */; };
		2B8CE53B20A19CC400C8EC3D /* Post.swift in Sources */ = {isa = PBXBuildFile; fileRef = 2B8CE53A20A19CC400C8EC3D /* Post.swift */; };
		2B8CE53D20A1A19B00C8EC3D /* UrlImageView.swift in Sources */ = {isa = PBXBuildFile; fileRef = 2B8CE53C20A1A19B00C8EC3D /* UrlImageView.swift */; };
		2BA3A8D120A0569400E37A33 /* SettingsController.swift in Sources */ = {isa = PBXBuildFile; fileRef = 2BA3A8D020A0569400E37A33 /* SettingsController.swift */; };
		2BA7F91E209086650028E0AC /* CalendarCell.swift in Sources */ = {isa = PBXBuildFile; fileRef = 2BA7F91D209086650028E0AC /* CalendarCell.swift */; };
		2BA7F9202090870A0028E0AC /* UserControllerCollectionViewFunctions.swift in Sources */ = {isa = PBXBuildFile; fileRef = 2BA7F91F2090870A0028E0AC /* UserControllerCollectionViewFunctions.swift */; };
		2BA7F9222090964D0028E0AC /* CalendarHeader.swift in Sources */ = {isa = PBXBuildFile; fileRef = 2BA7F9212090964D0028E0AC /* CalendarHeader.swift */; };
		2BB5CEDE209065A400BE4050 /* CountDownTimer.swift in Sources */ = {isa = PBXBuildFile; fileRef = 2BB5CEDD209065A400BE4050 /* CountDownTimer.swift */; };
		2BB5CEE02090696900BE4050 /* CameraFunctions.swift in Sources */ = {isa = PBXBuildFile; fileRef = 2BB5CEDF2090696900BE4050 /* CameraFunctions.swift */; };
		2BB5CEE22090737F00BE4050 /* FramedPhotoView.swift in Sources */ = {isa = PBXBuildFile; fileRef = 2BB5CEE12090737F00BE4050 /* FramedPhotoView.swift */; };
		2BB5CEE52090758F00BE4050 /* PostController.swift in Sources */ = {isa = PBXBuildFile; fileRef = 2BB5CEE42090758F00BE4050 /* PostController.swift */; };
		2BBD4C7520A1BA4E0034DD47 /* DetailPostController.swift in Sources */ = {isa = PBXBuildFile; fileRef = 2BBD4C7420A1BA4E0034DD47 /* DetailPostController.swift */; };
		2BBD4C7720A1C2630034DD47 /* AddChallengeController.swift in Sources */ = {isa = PBXBuildFile; fileRef = 2BBD4C7620A1C2630034DD47 /* AddChallengeController.swift */; };
		2BC2C74820A2F75A007DF0A9 /* FireBaseRating.swift in Sources */ = {isa = PBXBuildFile; fileRef = 2BC2C74720A2F75A007DF0A9 /* FireBaseRating.swift */; };
		2BDA0AD120A073E3007D1EF1 /* LoadingScreen.swift in Sources */ = {isa = PBXBuildFile; fileRef = 2BDA0AD020A073E3007D1EF1 /* LoadingScreen.swift */; };
		2BF0737C2091B8CF00489601 /* FlashToggleButton.swift in Sources */ = {isa = PBXBuildFile; fileRef = 2BF0737B2091B8CF00489601 /* FlashToggleButton.swift */; };
		A40A999520930FEF00176D96 /* RateControllerCell.swift in Sources */ = {isa = PBXBuildFile; fileRef = A40A999420930FEF00176D96 /* RateControllerCell.swift */; };
		A40A99972093176600176D96 /* RateControllerCollectionViewFunctions.swift in Sources */ = {isa = PBXBuildFile; fileRef = A40A99962093176600176D96 /* RateControllerCollectionViewFunctions.swift */; };
		E8B6831B795552F266FC3BEB /* Pods_oneshotchallenge.framework in Frameworks */ = {isa = PBXBuildFile; fileRef = 178B385A2D2656AEA7DCFBBB /* Pods_oneshotchallenge.framework */; };
/* End PBXBuildFile section */

/* Begin PBXFileReference section */
		178B385A2D2656AEA7DCFBBB /* Pods_oneshotchallenge.framework */ = {isa = PBXFileReference; explicitFileType = wrapper.framework; includeInIndex = 0; path = Pods_oneshotchallenge.framework; sourceTree = BUILT_PRODUCTS_DIR; };
		2B0462C320BD496800CC7C3E /* Challenge.swift */ = {isa = PBXFileReference; lastKnownFileType = sourcecode.swift; path = Challenge.swift; sourceTree = "<group>"; };
		2B0B7AFD208F0D2900532815 /* oneshotchallenge.app */ = {isa = PBXFileReference; explicitFileType = wrapper.application; includeInIndex = 0; path = oneshotchallenge.app; sourceTree = BUILT_PRODUCTS_DIR; };
		2B0B7B00208F0D2900532815 /* AppDelegate.swift */ = {isa = PBXFileReference; lastKnownFileType = sourcecode.swift; path = AppDelegate.swift; sourceTree = "<group>"; };
		2B0B7B02208F0D2900532815 /* MainTabVC.swift */ = {isa = PBXFileReference; lastKnownFileType = sourcecode.swift; path = MainTabVC.swift; sourceTree = "<group>"; };
		2B0B7B07208F0D2B00532815 /* Assets.xcassets */ = {isa = PBXFileReference; lastKnownFileType = folder.assetcatalog; path = Assets.xcassets; sourceTree = "<group>"; };
		2B0B7B0A208F0D2B00532815 /* Base */ = {isa = PBXFileReference; lastKnownFileType = file.storyboard; name = Base; path = Base.lproj/LaunchScreen.storyboard; sourceTree = "<group>"; };
		2B0B7B0C208F0D2B00532815 /* Info.plist */ = {isa = PBXFileReference; lastKnownFileType = text.plist.xml; path = Info.plist; sourceTree = "<group>"; };
		2B0B7B13208F0EF700532815 /* ChallengeController.swift */ = {isa = PBXFileReference; lastKnownFileType = sourcecode.swift; path = ChallengeController.swift; sourceTree = "<group>"; };
		2B0B7B17208F0F5900532815 /* RateController.swift */ = {isa = PBXFileReference; lastKnownFileType = sourcecode.swift; path = RateController.swift; sourceTree = "<group>"; };
		2B0B7B1A208F0FB600532815 /* UserController.swift */ = {isa = PBXFileReference; lastKnownFileType = sourcecode.swift; path = UserController.swift; sourceTree = "<group>"; };
		2B0B7B1D208F11B300532815 /* TopListController.swift */ = {isa = PBXFileReference; lastKnownFileType = sourcecode.swift; path = TopListController.swift; sourceTree = "<group>"; };
		2B0E1B7F209B1C6200163C23 /* ReferenceEnums.swift */ = {isa = PBXFileReference; lastKnownFileType = sourcecode.swift; path = ReferenceEnums.swift; sourceTree = "<group>"; };
		2B0E1B82209B203500163C23 /* FireBaseUser.swift */ = {isa = PBXFileReference; lastKnownFileType = sourcecode.swift; path = FireBaseUser.swift; sourceTree = "<group>"; };
		2B0E1B85209B20FA00163C23 /* User.swift */ = {isa = PBXFileReference; lastKnownFileType = sourcecode.swift; path = User.swift; sourceTree = "<group>"; };
		2B2039E3208F2CBC00C4CF43 /* CameraController.swift */ = {isa = PBXFileReference; lastKnownFileType = sourcecode.swift; path = CameraController.swift; sourceTree = "<group>"; };
		2B2039E6208F45BC00C4CF43 /* EditPhotoController.swift */ = {isa = PBXFileReference; lastKnownFileType = sourcecode.swift; path = EditPhotoController.swift; sourceTree = "<group>"; };
		2B2039E9208F5CC700C4CF43 /* FilterSlider.swift */ = {isa = PBXFileReference; lastKnownFileType = sourcecode.swift; path = FilterSlider.swift; sourceTree = "<group>"; };
		2B2AE49820B2E80500151091 /* FireBaseVote.swift */ = {isa = PBXFileReference; lastKnownFileType = sourcecode.swift; path = FireBaseVote.swift; sourceTree = "<group>"; };
		2B2AE49A20B2F1AE00151091 /* MonthKey.swift */ = {isa = PBXFileReference; lastKnownFileType = sourcecode.swift; path = MonthKey.swift; sourceTree = "<group>"; };
		2B2AE49D20B2F63300151091 /* FireBaseTopLists.swift */ = {isa = PBXFileReference; lastKnownFileType = sourcecode.swift; path = FireBaseTopLists.swift; sourceTree = "<group>"; };
		2B2AE49F20B2F6E200151091 /* TopListScore.swift */ = {isa = PBXFileReference; lastKnownFileType = sourcecode.swift; path = TopListScore.swift; sourceTree = "<group>"; };
		2B47D88820BE97470003095B /* RateControllerDatabaseFunctions.swift */ = {isa = PBXFileReference; lastKnownFileType = sourcecode.swift; path = RateControllerDatabaseFunctions.swift; sourceTree = "<group>"; };
		2B52D236208F12ED00090285 /* Colors.swift */ = {isa = PBXFileReference; lastKnownFileType = sourcecode.swift; path = Colors.swift; sourceTree = "<group>"; };
		2B52D238208F13EE00090285 /* UIViewExtension.swift */ = {isa = PBXFileReference; fileEncoding = 4; lastKnownFileType = sourcecode.swift; path = UIViewExtension.swift; sourceTree = "<group>"; };
		2B52D23A208F13F800090285 /* UIStackViewExtension.swift */ = {isa = PBXFileReference; fileEncoding = 4; lastKnownFileType = sourcecode.swift; path = UIStackViewExtension.swift; sourceTree = "<group>"; };
		2B73389720A99CEE00AB59E0 /* TopListCollectionViewFunctions.swift */ = {isa = PBXFileReference; lastKnownFileType = sourcecode.swift; path = TopListCollectionViewFunctions.swift; sourceTree = "<group>"; };
		2B73389920A99D2A00AB59E0 /* TopListCollectionViewCell.swift */ = {isa = PBXFileReference; lastKnownFileType = sourcecode.swift; path = TopListCollectionViewCell.swift; sourceTree = "<group>"; };
		2B73389B20A9A4FE00AB59E0 /* TopListControllerHeader.swift */ = {isa = PBXFileReference; lastKnownFileType = sourcecode.swift; path = TopListControllerHeader.swift; sourceTree = "<group>"; };
		2B73389D20A9A85800AB59E0 /* StatusBar.swift */ = {isa = PBXFileReference; lastKnownFileType = sourcecode.swift; path = StatusBar.swift; sourceTree = "<group>"; };
		2B7338A020A9AF8800AB59E0 /* Names.swift */ = {isa = PBXFileReference; lastKnownFileType = sourcecode.swift; path = Names.swift; sourceTree = "<group>"; };
		2B8CE3C0209B06F40045C028 /* GoogleService-Info.plist */ = {isa = PBXFileReference; fileEncoding = 4; lastKnownFileType = text.plist.xml; path = "GoogleService-Info.plist"; sourceTree = "<group>"; };
		2B8CE3C4209B0DC10045C028 /* LoginVC.swift */ = {isa = PBXFileReference; fileEncoding = 4; lastKnownFileType = sourcecode.swift; path = LoginVC.swift; sourceTree = "<group>"; };
		2B8CE3C5209B0DC20045C028 /* RegisterVC.swift */ = {isa = PBXFileReference; fileEncoding = 4; lastKnownFileType = sourcecode.swift; path = RegisterVC.swift; sourceTree = "<group>"; };
		2B8CE3C8209B0DEE0045C028 /* UITextFieldExtension.swift */ = {isa = PBXFileReference; fileEncoding = 4; lastKnownFileType = sourcecode.swift; path = UITextFieldExtension.swift; sourceTree = "<group>"; };
		2B8CE3CB209B15B00045C028 /* FireBaseAuth.swift */ = {isa = PBXFileReference; lastKnownFileType = sourcecode.swift; path = FireBaseAuth.swift; sourceTree = "<group>"; };
		2B8CE3CD209B165F0045C028 /* FireBaseRegister.swift */ = {isa = PBXFileReference; lastKnownFileType = sourcecode.swift; path = FireBaseRegister.swift; sourceTree = "<group>"; };
		2B8CE3CF209B18E30045C028 /* UIAlertControllerExtension.swift */ = {isa = PBXFileReference; lastKnownFileType = sourcecode.swift; path = UIAlertControllerExtension.swift; sourceTree = "<group>"; };
		2B8CE53220A1914200C8EC3D /* CETTime.swift */ = {isa = PBXFileReference; lastKnownFileType = sourcecode.swift; path = CETTime.swift; sourceTree = "<group>"; };
		2B8CE53520A193AD00C8EC3D /* FireBaseChallenges.swift */ = {isa = PBXFileReference; lastKnownFileType = sourcecode.swift; path = FireBaseChallenges.swift; sourceTree = "<group>"; };
		2B8CE53820A19BEA00C8EC3D /* FireBasePosts.swift */ = {isa = PBXFileReference; lastKnownFileType = sourcecode.swift; path = FireBasePosts.swift; sourceTree = "<group>"; };
		2B8CE53A20A19CC400C8EC3D /* Post.swift */ = {isa = PBXFileReference; lastKnownFileType = sourcecode.swift; path = Post.swift; sourceTree = "<group>"; };
		2B8CE53C20A1A19B00C8EC3D /* UrlImageView.swift */ = {isa = PBXFileReference; fileEncoding = 4; lastKnownFileType = sourcecode.swift; path = UrlImageView.swift; sourceTree = "<group>"; };
		2BA3A8D020A0569400E37A33 /* SettingsController.swift */ = {isa = PBXFileReference; lastKnownFileType = sourcecode.swift; path = SettingsController.swift; sourceTree = "<group>"; };
		2BA7F91D209086650028E0AC /* CalendarCell.swift */ = {isa = PBXFileReference; lastKnownFileType = sourcecode.swift; path = CalendarCell.swift; sourceTree = "<group>"; };
		2BA7F91F2090870A0028E0AC /* UserControllerCollectionViewFunctions.swift */ = {isa = PBXFileReference; lastKnownFileType = sourcecode.swift; path = UserControllerCollectionViewFunctions.swift; sourceTree = "<group>"; };
		2BA7F9212090964D0028E0AC /* CalendarHeader.swift */ = {isa = PBXFileReference; lastKnownFileType = sourcecode.swift; path = CalendarHeader.swift; sourceTree = "<group>"; };
		2BB5CEDD209065A400BE4050 /* CountDownTimer.swift */ = {isa = PBXFileReference; lastKnownFileType = sourcecode.swift; path = CountDownTimer.swift; sourceTree = "<group>"; };
		2BB5CEDF2090696900BE4050 /* CameraFunctions.swift */ = {isa = PBXFileReference; lastKnownFileType = sourcecode.swift; path = CameraFunctions.swift; sourceTree = "<group>"; };
		2BB5CEE12090737F00BE4050 /* FramedPhotoView.swift */ = {isa = PBXFileReference; lastKnownFileType = sourcecode.swift; path = FramedPhotoView.swift; sourceTree = "<group>"; };
		2BB5CEE42090758F00BE4050 /* PostController.swift */ = {isa = PBXFileReference; lastKnownFileType = sourcecode.swift; path = PostController.swift; sourceTree = "<group>"; };
		2BBD4C7420A1BA4E0034DD47 /* DetailPostController.swift */ = {isa = PBXFileReference; lastKnownFileType = sourcecode.swift; path = DetailPostController.swift; sourceTree = "<group>"; };
		2BBD4C7620A1C2630034DD47 /* AddChallengeController.swift */ = {isa = PBXFileReference; lastKnownFileType = sourcecode.swift; path = AddChallengeController.swift; sourceTree = "<group>"; };
		2BC2C74720A2F75A007DF0A9 /* FireBaseRating.swift */ = {isa = PBXFileReference; lastKnownFileType = sourcecode.swift; path = FireBaseRating.swift; sourceTree = "<group>"; };
		2BDA0AD020A073E3007D1EF1 /* LoadingScreen.swift */ = {isa = PBXFileReference; lastKnownFileType = sourcecode.swift; path = LoadingScreen.swift; sourceTree = "<group>"; };
		2BF0737B2091B8CF00489601 /* FlashToggleButton.swift */ = {isa = PBXFileReference; lastKnownFileType = sourcecode.swift; path = FlashToggleButton.swift; sourceTree = "<group>"; };
		67D84EF8DE2A95CDAF741B0B /* Pods-oneshotchallenge.debug.xcconfig */ = {isa = PBXFileReference; includeInIndex = 1; lastKnownFileType = text.xcconfig; name = "Pods-oneshotchallenge.debug.xcconfig"; path = "Pods/Target Support Files/Pods-oneshotchallenge/Pods-oneshotchallenge.debug.xcconfig"; sourceTree = "<group>"; };
		8815B5D1707E46F1F140AD8E /* Pods-oneshotchallenge.release.xcconfig */ = {isa = PBXFileReference; includeInIndex = 1; lastKnownFileType = text.xcconfig; name = "Pods-oneshotchallenge.release.xcconfig"; path = "Pods/Target Support Files/Pods-oneshotchallenge/Pods-oneshotchallenge.release.xcconfig"; sourceTree = "<group>"; };
		A40A999420930FEF00176D96 /* RateControllerCell.swift */ = {isa = PBXFileReference; lastKnownFileType = sourcecode.swift; path = RateControllerCell.swift; sourceTree = "<group>"; };
		A40A99962093176600176D96 /* RateControllerCollectionViewFunctions.swift */ = {isa = PBXFileReference; lastKnownFileType = sourcecode.swift; path = RateControllerCollectionViewFunctions.swift; sourceTree = "<group>"; };
/* End PBXFileReference section */

/* Begin PBXFrameworksBuildPhase section */
		2B0B7AFA208F0D2900532815 /* Frameworks */ = {
			isa = PBXFrameworksBuildPhase;
			buildActionMask = 2147483647;
			files = (
				E8B6831B795552F266FC3BEB /* Pods_oneshotchallenge.framework in Frameworks */,
			);
			runOnlyForDeploymentPostprocessing = 0;
		};
/* End PBXFrameworksBuildPhase section */

/* Begin PBXGroup section */
		2B0B7AF4208F0D2900532815 = {
			isa = PBXGroup;
			children = (
				2B0B7AFF208F0D2900532815 /* oneshotchallenge */,
				2B0B7AFE208F0D2900532815 /* Products */,
				C71B1655732AC7F8F1711454 /* Pods */,
				6E5AEB11235C2DD18D1E9497 /* Frameworks */,
			);
			sourceTree = "<group>";
		};
		2B0B7AFE208F0D2900532815 /* Products */ = {
			isa = PBXGroup;
			children = (
				2B0B7AFD208F0D2900532815 /* oneshotchallenge.app */,
			);
			name = Products;
			sourceTree = "<group>";
		};
		2B0B7AFF208F0D2900532815 /* oneshotchallenge */ = {
			isa = PBXGroup;
			children = (
				2B0B7B00208F0D2900532815 /* AppDelegate.swift */,
				2B0B7B07208F0D2B00532815 /* Assets.xcassets */,
				2B0B7B09208F0D2B00532815 /* LaunchScreen.storyboard */,
				2B8CE3C0209B06F40045C028 /* GoogleService-Info.plist */,
				2B0B7B0C208F0D2B00532815 /* Info.plist */,
				2B73389F20A9AF6F00AB59E0 /* DebugClasses */,
				2B0E1B84209B20EA00163C23 /* Classes */,
				2B52D235208F12D900090285 /* Utils */,
				2B2039E8208F5CB700C4CF43 /* Views */,
				2B0B7B12208F0ED500532815 /* VCs */,
				2B174C3C20BD7D29001F77C8 /* Firebase */,
			);
			path = oneshotchallenge;
			sourceTree = "<group>";
		};
		2B0B7B12208F0ED500532815 /* VCs */ = {
			isa = PBXGroup;
			children = (
				2B0B7B02208F0D2900532815 /* MainTabVC.swift */,
				2B8CE3C3209B0D6E0045C028 /* LoginRegisterVC's */,
				2B0B7B15208F0F2900532815 /* ChallengeController */,
				2B2039E2208F2CA400C4CF43 /* CameraController */,
				2B2039E5208F45A400C4CF43 /* EditPhotoController */,
				2BB5CEE32090756900BE4050 /* PostController */,
				2B0B7B16208F0F3900532815 /* RateController */,
				2B0B7B1C208F118F00532815 /* TopListController */,
				2B0B7B19208F0F9B00532815 /* UserController */,
				2BBD4C7320A1BA2F0034DD47 /* DetailedPostVC */,
				2BA3A8CF20A0567200E37A33 /* SettingsController */,
				2BBD4C7820A1C26A0034DD47 /* AddChallengeVC */,
			);
			path = VCs;
			sourceTree = "<group>";
		};
		2B0B7B15208F0F2900532815 /* ChallengeController */ = {
			isa = PBXGroup;
			children = (
				2B0B7B13208F0EF700532815 /* ChallengeController.swift */,
			);
			path = ChallengeController;
			sourceTree = "<group>";
		};
		2B0B7B16208F0F3900532815 /* RateController */ = {
			isa = PBXGroup;
			children = (
				2B0B7B17208F0F5900532815 /* RateController.swift */,
				A40A99962093176600176D96 /* RateControllerCollectionViewFunctions.swift */,
				A40A999420930FEF00176D96 /* RateControllerCell.swift */,
				2B47D88820BE97470003095B /* RateControllerDatabaseFunctions.swift */,
			);
			path = RateController;
			sourceTree = "<group>";
		};
		2B0B7B19208F0F9B00532815 /* UserController */ = {
			isa = PBXGroup;
			children = (
				2B0B7B1A208F0FB600532815 /* UserController.swift */,
				2BA7F91F2090870A0028E0AC /* UserControllerCollectionViewFunctions.swift */,
				2BA7F91D209086650028E0AC /* CalendarCell.swift */,
				2BA7F9212090964D0028E0AC /* CalendarHeader.swift */,
			);
			path = UserController;
			sourceTree = "<group>";
		};
		2B0B7B1C208F118F00532815 /* TopListController */ = {
			isa = PBXGroup;
			children = (
				2B0B7B1D208F11B300532815 /* TopListController.swift */,
				2B73389720A99CEE00AB59E0 /* TopListCollectionViewFunctions.swift */,
				2B73389920A99D2A00AB59E0 /* TopListCollectionViewCell.swift */,
				2B73389B20A9A4FE00AB59E0 /* TopListControllerHeader.swift */,
			);
			path = TopListController;
			sourceTree = "<group>";
		};
		2B0E1B81209B201F00163C23 /* FireBaseUser */ = {
			isa = PBXGroup;
			children = (
				2B0E1B82209B203500163C23 /* FireBaseUser.swift */,
			);
			path = FireBaseUser;
			sourceTree = "<group>";
		};
		2B0E1B84209B20EA00163C23 /* Classes */ = {
			isa = PBXGroup;
			children = (
				2B0E1B85209B20FA00163C23 /* User.swift */,
				2B8CE53A20A19CC400C8EC3D /* Post.swift */,
				2B2AE49F20B2F6E200151091 /* TopListScore.swift */,
				2B0462C320BD496800CC7C3E /* Challenge.swift */,
			);
			path = Classes;
			sourceTree = "<group>";
		};
		2B174C3C20BD7D29001F77C8 /* Firebase */ = {
			isa = PBXGroup;
			children = (
				2B8CE53720A19BC600C8EC3D /* FireBasePosts */,
				2BC2C74620A2F73F007DF0A9 /* FireBaseRating */,
				2B8CE53420A1938A00C8EC3D /* FireBaseChallenges */,
				2B8CE3CA209B157C0045C028 /* FireBaseAuth */,
				2B0E1B81209B201F00163C23 /* FireBaseUser */,
				2B2AE49720B2E7EB00151091 /* FireBaseVote */,
				2B2AE49C20B2F61600151091 /* FireBaseTopLists */,
			);
			path = Firebase;
			sourceTree = "<group>";
		};
		2B2039E2208F2CA400C4CF43 /* CameraController */ = {
			isa = PBXGroup;
			children = (
				2B2039E3208F2CBC00C4CF43 /* CameraController.swift */,
				2BB5CEDF2090696900BE4050 /* CameraFunctions.swift */,
			);
			path = CameraController;
			sourceTree = "<group>";
		};
		2B2039E5208F45A400C4CF43 /* EditPhotoController */ = {
			isa = PBXGroup;
			children = (
				2B2039E6208F45BC00C4CF43 /* EditPhotoController.swift */,
			);
			path = EditPhotoController;
			sourceTree = "<group>";
		};
		2B2039E8208F5CB700C4CF43 /* Views */ = {
			isa = PBXGroup;
			children = (
				2B8CE53C20A1A19B00C8EC3D /* UrlImageView.swift */,
				2BF0737B2091B8CF00489601 /* FlashToggleButton.swift */,
				2B2039E9208F5CC700C4CF43 /* FilterSlider.swift */,
				2BB5CEDD209065A400BE4050 /* CountDownTimer.swift */,
				2BB5CEE12090737F00BE4050 /* FramedPhotoView.swift */,
				2BDA0AD020A073E3007D1EF1 /* LoadingScreen.swift */,
			);
			path = Views;
			sourceTree = "<group>";
		};
		2B2AE49720B2E7EB00151091 /* FireBaseVote */ = {
			isa = PBXGroup;
			children = (
				2B2AE49820B2E80500151091 /* FireBaseVote.swift */,
			);
			path = FireBaseVote;
			sourceTree = "<group>";
		};
		2B2AE49C20B2F61600151091 /* FireBaseTopLists */ = {
			isa = PBXGroup;
			children = (
				2B2AE49D20B2F63300151091 /* FireBaseTopLists.swift */,
			);
			path = FireBaseTopLists;
			sourceTree = "<group>";
		};
		2B52D235208F12D900090285 /* Utils */ = {
			isa = PBXGroup;
			children = (
				2B52D236208F12ED00090285 /* Colors.swift */,
				2B52D238208F13EE00090285 /* UIViewExtension.swift */,
				2B52D23A208F13F800090285 /* UIStackViewExtension.swift */,
				2B8CE3C8209B0DEE0045C028 /* UITextFieldExtension.swift */,
				2B8CE3CF209B18E30045C028 /* UIAlertControllerExtension.swift */,
				2B0E1B7F209B1C6200163C23 /* ReferenceEnums.swift */,
				2B8CE53220A1914200C8EC3D /* CETTime.swift */,
				2B73389D20A9A85800AB59E0 /* StatusBar.swift */,
				2B2AE49A20B2F1AE00151091 /* MonthKey.swift */,
			);
			path = Utils;
			sourceTree = "<group>";
		};
		2B73389F20A9AF6F00AB59E0 /* DebugClasses */ = {
			isa = PBXGroup;
			children = (
				2B7338A020A9AF8800AB59E0 /* Names.swift */,
			);
			path = DebugClasses;
			sourceTree = "<group>";
		};
		2B8CE3C3209B0D6E0045C028 /* LoginRegisterVC's */ = {
			isa = PBXGroup;
			children = (
				2B8CE3C4209B0DC10045C028 /* LoginVC.swift */,
				2B8CE3C5209B0DC20045C028 /* RegisterVC.swift */,
			);
			path = "LoginRegisterVC's";
			sourceTree = "<group>";
		};
		2B8CE3CA209B157C0045C028 /* FireBaseAuth */ = {
			isa = PBXGroup;
			children = (
				2B8CE3CB209B15B00045C028 /* FireBaseAuth.swift */,
				2B8CE3CD209B165F0045C028 /* FireBaseRegister.swift */,
			);
			path = FireBaseAuth;
			sourceTree = "<group>";
		};
		2B8CE53420A1938A00C8EC3D /* FireBaseChallenges */ = {
			isa = PBXGroup;
			children = (
				2B8CE53520A193AD00C8EC3D /* FireBaseChallenges.swift */,
			);
			path = FireBaseChallenges;
			sourceTree = "<group>";
		};
		2B8CE53720A19BC600C8EC3D /* FireBasePosts */ = {
			isa = PBXGroup;
			children = (
				2B8CE53820A19BEA00C8EC3D /* FireBasePosts.swift */,
			);
			path = FireBasePosts;
			sourceTree = "<group>";
		};
		2BA3A8CF20A0567200E37A33 /* SettingsController */ = {
			isa = PBXGroup;
			children = (
				2BA3A8D020A0569400E37A33 /* SettingsController.swift */,
			);
			path = SettingsController;
			sourceTree = "<group>";
		};
		2BB5CEE32090756900BE4050 /* PostController */ = {
			isa = PBXGroup;
			children = (
				2BB5CEE42090758F00BE4050 /* PostController.swift */,
			);
			path = PostController;
			sourceTree = "<group>";
		};
		2BBD4C7320A1BA2F0034DD47 /* DetailedPostVC */ = {
			isa = PBXGroup;
			children = (
				2BBD4C7420A1BA4E0034DD47 /* DetailPostController.swift */,
			);
			path = DetailedPostVC;
			sourceTree = "<group>";
		};
		2BBD4C7820A1C26A0034DD47 /* AddChallengeVC */ = {
			isa = PBXGroup;
			children = (
				2BBD4C7620A1C2630034DD47 /* AddChallengeController.swift */,
			);
			path = AddChallengeVC;
			sourceTree = "<group>";
		};
		2BC2C74620A2F73F007DF0A9 /* FireBaseRating */ = {
			isa = PBXGroup;
			children = (
				2BC2C74720A2F75A007DF0A9 /* FireBaseRating.swift */,
			);
			path = FireBaseRating;
			sourceTree = "<group>";
		};
		6E5AEB11235C2DD18D1E9497 /* Frameworks */ = {
			isa = PBXGroup;
			children = (
				178B385A2D2656AEA7DCFBBB /* Pods_oneshotchallenge.framework */,
			);
			name = Frameworks;
			sourceTree = "<group>";
		};
		C71B1655732AC7F8F1711454 /* Pods */ = {
			isa = PBXGroup;
			children = (
				67D84EF8DE2A95CDAF741B0B /* Pods-oneshotchallenge.debug.xcconfig */,
				8815B5D1707E46F1F140AD8E /* Pods-oneshotchallenge.release.xcconfig */,
			);
			name = Pods;
			sourceTree = "<group>";
		};
/* End PBXGroup section */

/* Begin PBXNativeTarget section */
		2B0B7AFC208F0D2900532815 /* oneshotchallenge */ = {
			isa = PBXNativeTarget;
			buildConfigurationList = 2B0B7B0F208F0D2B00532815 /* Build configuration list for PBXNativeTarget "oneshotchallenge" */;
			buildPhases = (
				47BB765C7BFF6BFC5F20C4BC /* [CP] Check Pods Manifest.lock */,
				2B0B7AF9208F0D2900532815 /* Sources */,
				2B0B7AFA208F0D2900532815 /* Frameworks */,
				2B0B7AFB208F0D2900532815 /* Resources */,
				546386FE8DEA48EFFD8133E4 /* [CP] Embed Pods Frameworks */,
				2B8CE3C2209B0B990045C028 /* ShellScript */,
			);
			buildRules = (
			);
			dependencies = (
			);
			name = oneshotchallenge;
			productName = oneshotchallenge;
			productReference = 2B0B7AFD208F0D2900532815 /* oneshotchallenge.app */;
			productType = "com.apple.product-type.application";
		};
/* End PBXNativeTarget section */

/* Begin PBXProject section */
		2B0B7AF5208F0D2900532815 /* Project object */ = {
			isa = PBXProject;
			attributes = {
				LastSwiftUpdateCheck = 0930;
				LastUpgradeCheck = 0930;
				ORGANIZATIONNAME = GalvenD;
				TargetAttributes = {
					2B0B7AFC208F0D2900532815 = {
						CreatedOnToolsVersion = 9.3;
					};
				};
			};
			buildConfigurationList = 2B0B7AF8208F0D2900532815 /* Build configuration list for PBXProject "oneshotchallenge" */;
			compatibilityVersion = "Xcode 9.3";
			developmentRegion = en;
			hasScannedForEncodings = 0;
			knownRegions = (
				en,
				Base,
			);
			mainGroup = 2B0B7AF4208F0D2900532815;
			productRefGroup = 2B0B7AFE208F0D2900532815 /* Products */;
			projectDirPath = "";
			projectRoot = "";
			targets = (
				2B0B7AFC208F0D2900532815 /* oneshotchallenge */,
			);
		};
/* End PBXProject section */

/* Begin PBXResourcesBuildPhase section */
		2B0B7AFB208F0D2900532815 /* Resources */ = {
			isa = PBXResourcesBuildPhase;
			buildActionMask = 2147483647;
			files = (
				2B0B7B0B208F0D2B00532815 /* LaunchScreen.storyboard in Resources */,
				2B0B7B08208F0D2B00532815 /* Assets.xcassets in Resources */,
				2B8CE3C1209B06F40045C028 /* GoogleService-Info.plist in Resources */,
			);
			runOnlyForDeploymentPostprocessing = 0;
		};
/* End PBXResourcesBuildPhase section */

/* Begin PBXShellScriptBuildPhase section */
		2B8CE3C2209B0B990045C028 /* ShellScript */ = {
			isa = PBXShellScriptBuildPhase;
			buildActionMask = 2147483647;
			files = (
			);
			inputPaths = (
			);
			outputPaths = (
			);
			runOnlyForDeploymentPostprocessing = 0;
			shellPath = /bin/sh;
			shellScript = "\"${PODS_ROOT}/Fabric/run\"";
		};
		47BB765C7BFF6BFC5F20C4BC /* [CP] Check Pods Manifest.lock */ = {
			isa = PBXShellScriptBuildPhase;
			buildActionMask = 2147483647;
			files = (
			);
			inputPaths = (
				"${PODS_PODFILE_DIR_PATH}/Podfile.lock",
				"${PODS_ROOT}/Manifest.lock",
			);
			name = "[CP] Check Pods Manifest.lock";
			outputPaths = (
				"$(DERIVED_FILE_DIR)/Pods-oneshotchallenge-checkManifestLockResult.txt",
			);
			runOnlyForDeploymentPostprocessing = 0;
			shellPath = /bin/sh;
			shellScript = "diff \"${PODS_PODFILE_DIR_PATH}/Podfile.lock\" \"${PODS_ROOT}/Manifest.lock\" > /dev/null\nif [ $? != 0 ] ; then\n    # print error to STDERR\n    echo \"error: The sandbox is not in sync with the Podfile.lock. Run 'pod install' or update your CocoaPods installation.\" >&2\n    exit 1\nfi\n# This output is used by Xcode 'outputs' to avoid re-running this script phase.\necho \"SUCCESS\" > \"${SCRIPT_OUTPUT_FILE_0}\"\n";
			showEnvVarsInLog = 0;
		};
		546386FE8DEA48EFFD8133E4 /* [CP] Embed Pods Frameworks */ = {
			isa = PBXShellScriptBuildPhase;
			buildActionMask = 2147483647;
			files = (
			);
			inputPaths = (
				"${SRCROOT}/Pods/Target Support Files/Pods-oneshotchallenge/Pods-oneshotchallenge-frameworks.sh",
				"${BUILT_PRODUCTS_DIR}/GTMSessionFetcher/GTMSessionFetcher.framework",
				"${BUILT_PRODUCTS_DIR}/GoogleToolboxForMac/GoogleToolboxForMac.framework",
				"${BUILT_PRODUCTS_DIR}/leveldb-library/leveldb.framework",
				"${BUILT_PRODUCTS_DIR}/nanopb/nanopb.framework",
			);
			name = "[CP] Embed Pods Frameworks";
			outputPaths = (
				"${TARGET_BUILD_DIR}/${FRAMEWORKS_FOLDER_PATH}/GTMSessionFetcher.framework",
				"${TARGET_BUILD_DIR}/${FRAMEWORKS_FOLDER_PATH}/GoogleToolboxForMac.framework",
				"${TARGET_BUILD_DIR}/${FRAMEWORKS_FOLDER_PATH}/leveldb.framework",
				"${TARGET_BUILD_DIR}/${FRAMEWORKS_FOLDER_PATH}/nanopb.framework",
			);
			runOnlyForDeploymentPostprocessing = 0;
			shellPath = /bin/sh;
			shellScript = "\"${SRCROOT}/Pods/Target Support Files/Pods-oneshotchallenge/Pods-oneshotchallenge-frameworks.sh\"\n";
			showEnvVarsInLog = 0;
		};
/* End PBXShellScriptBuildPhase section */

/* Begin PBXSourcesBuildPhase section */
		2B0B7AF9208F0D2900532815 /* Sources */ = {
			isa = PBXSourcesBuildPhase;
			buildActionMask = 2147483647;
			files = (
				2BF0737C2091B8CF00489601 /* FlashToggleButton.swift in Sources */,
				2B0B7B03208F0D2900532815 /* MainTabVC.swift in Sources */,
				2B0E1B80209B1C6200163C23 /* ReferenceEnums.swift in Sources */,
				2B2AE49E20B2F63300151091 /* FireBaseTopLists.swift in Sources */,
				2B0462C420BD496800CC7C3E /* Challenge.swift in Sources */,
				2B2AE49920B2E80500151091 /* FireBaseVote.swift in Sources */,
				2B8CE3C6209B0DC20045C028 /* LoginVC.swift in Sources */,
				2B0E1B86209B20FA00163C23 /* User.swift in Sources */,
				2B8CE3CE209B165F0045C028 /* FireBaseRegister.swift in Sources */,
				2BA7F91E209086650028E0AC /* CalendarCell.swift in Sources */,
				2B73389A20A99D2A00AB59E0 /* TopListCollectionViewCell.swift in Sources */,
				2B0B7B1E208F11B300532815 /* TopListController.swift in Sources */,
				2B0B7B14208F0EF700532815 /* ChallengeController.swift in Sources */,
				2B52D237208F12ED00090285 /* Colors.swift in Sources */,
				2B47D88920BE97470003095B /* RateControllerDatabaseFunctions.swift in Sources */,
				2B8CE3C9209B0DEE0045C028 /* UITextFieldExtension.swift in Sources */,
				2B2039E4208F2CBC00C4CF43 /* CameraController.swift in Sources */,
				2BA7F9222090964D0028E0AC /* CalendarHeader.swift in Sources */,
				2B8CE3CC209B15B00045C028 /* FireBaseAuth.swift in Sources */,
				2B8CE53D20A1A19B00C8EC3D /* UrlImageView.swift in Sources */,
				2B0B7B1B208F0FB600532815 /* UserController.swift in Sources */,
				A40A999520930FEF00176D96 /* RateControllerCell.swift in Sources */,
				2B2039EA208F5CC700C4CF43 /* FilterSlider.swift in Sources */,
				2BBD4C7720A1C2630034DD47 /* AddChallengeController.swift in Sources */,
				2B0B7B01208F0D2900532815 /* AppDelegate.swift in Sources */,
				2B8CE53320A1914200C8EC3D /* CETTime.swift in Sources */,
				2B8CE53920A19BEA00C8EC3D /* FireBasePosts.swift in Sources */,
				2BB5CEDE209065A400BE4050 /* CountDownTimer.swift in Sources */,
				2BB5CEE52090758F00BE4050 /* PostController.swift in Sources */,
				2BA7F9202090870A0028E0AC /* UserControllerCollectionViewFunctions.swift in Sources */,
				2BDA0AD120A073E3007D1EF1 /* LoadingScreen.swift in Sources */,
				2B8CE53620A193AD00C8EC3D /* FireBaseChallenges.swift in Sources */,
				2B2AE4A020B2F6E200151091 /* TopListScore.swift in Sources */,
				2B7338A120A9AF8800AB59E0 /* Names.swift in Sources */,
				A40A99972093176600176D96 /* RateControllerCollectionViewFunctions.swift in Sources */,
				2B2039E7208F45BC00C4CF43 /* EditPhotoController.swift in Sources */,
				2B73389E20A9A85800AB59E0 /* StatusBar.swift in Sources */,
				2B8CE3C7209B0DC20045C028 /* RegisterVC.swift in Sources */,
				2B8CE53B20A19CC400C8EC3D /* Post.swift in Sources */,
				2BBD4C7520A1BA4E0034DD47 /* DetailPostController.swift in Sources */,
				2B52D239208F13EE00090285 /* UIViewExtension.swift in Sources */,
				2B0E1B83209B203500163C23 /* FireBaseUser.swift in Sources */,
				2BA3A8D120A0569400E37A33 /* SettingsController.swift in Sources */,
				2B52D23B208F13F800090285 /* UIStackViewExtension.swift in Sources */,
				2B2AE49B20B2F1AE00151091 /* MonthKey.swift in Sources */,
				2BC2C74820A2F75A007DF0A9 /* FireBaseRating.swift in Sources */,
				2BB5CEE02090696900BE4050 /* CameraFunctions.swift in Sources */,
				2B73389820A99CEE00AB59E0 /* TopListCollectionViewFunctions.swift in Sources */,
				2B73389C20A9A4FE00AB59E0 /* TopListControllerHeader.swift in Sources */,
				2BB5CEE22090737F00BE4050 /* FramedPhotoView.swift in Sources */,
				2B8CE3D0209B18E30045C028 /* UIAlertControllerExtension.swift in Sources */,
				2B0B7B18208F0F5900532815 /* RateController.swift in Sources */,
			);
			runOnlyForDeploymentPostprocessing = 0;
		};
/* End PBXSourcesBuildPhase section */

/* Begin PBXVariantGroup section */
		2B0B7B09208F0D2B00532815 /* LaunchScreen.storyboard */ = {
			isa = PBXVariantGroup;
			children = (
				2B0B7B0A208F0D2B00532815 /* Base */,
			);
			name = LaunchScreen.storyboard;
			sourceTree = "<group>";
		};
/* End PBXVariantGroup section */

/* Begin XCBuildConfiguration section */
		2B0B7B0D208F0D2B00532815 /* Debug */ = {
			isa = XCBuildConfiguration;
			buildSettings = {
				ALWAYS_SEARCH_USER_PATHS = NO;
				CLANG_ANALYZER_NONNULL = YES;
				CLANG_ANALYZER_NUMBER_OBJECT_CONVERSION = YES_AGGRESSIVE;
				CLANG_CXX_LANGUAGE_STANDARD = "gnu++14";
				CLANG_CXX_LIBRARY = "libc++";
				CLANG_ENABLE_MODULES = YES;
				CLANG_ENABLE_OBJC_ARC = YES;
				CLANG_ENABLE_OBJC_WEAK = YES;
				CLANG_WARN_BLOCK_CAPTURE_AUTORELEASING = YES;
				CLANG_WARN_BOOL_CONVERSION = YES;
				CLANG_WARN_COMMA = YES;
				CLANG_WARN_CONSTANT_CONVERSION = YES;
				CLANG_WARN_DEPRECATED_OBJC_IMPLEMENTATIONS = YES;
				CLANG_WARN_DIRECT_OBJC_ISA_USAGE = YES_ERROR;
				CLANG_WARN_DOCUMENTATION_COMMENTS = YES;
				CLANG_WARN_EMPTY_BODY = YES;
				CLANG_WARN_ENUM_CONVERSION = YES;
				CLANG_WARN_INFINITE_RECURSION = YES;
				CLANG_WARN_INT_CONVERSION = YES;
				CLANG_WARN_NON_LITERAL_NULL_CONVERSION = YES;
				CLANG_WARN_OBJC_IMPLICIT_RETAIN_SELF = YES;
				CLANG_WARN_OBJC_LITERAL_CONVERSION = YES;
				CLANG_WARN_OBJC_ROOT_CLASS = YES_ERROR;
				CLANG_WARN_RANGE_LOOP_ANALYSIS = YES;
				CLANG_WARN_STRICT_PROTOTYPES = YES;
				CLANG_WARN_SUSPICIOUS_MOVE = YES;
				CLANG_WARN_UNGUARDED_AVAILABILITY = YES_AGGRESSIVE;
				CLANG_WARN_UNREACHABLE_CODE = YES;
				CLANG_WARN__DUPLICATE_METHOD_MATCH = YES;
				CODE_SIGN_IDENTITY = "iPhone Developer";
				COPY_PHASE_STRIP = NO;
				DEBUG_INFORMATION_FORMAT = dwarf;
				ENABLE_STRICT_OBJC_MSGSEND = YES;
				ENABLE_TESTABILITY = YES;
				GCC_C_LANGUAGE_STANDARD = gnu11;
				GCC_DYNAMIC_NO_PIC = NO;
				GCC_NO_COMMON_BLOCKS = YES;
				GCC_OPTIMIZATION_LEVEL = 0;
				GCC_PREPROCESSOR_DEFINITIONS = (
					"DEBUG=1",
					"$(inherited)",
				);
				GCC_WARN_64_TO_32_BIT_CONVERSION = YES;
				GCC_WARN_ABOUT_RETURN_TYPE = YES_ERROR;
				GCC_WARN_UNDECLARED_SELECTOR = YES;
				GCC_WARN_UNINITIALIZED_AUTOS = YES_AGGRESSIVE;
				GCC_WARN_UNUSED_FUNCTION = YES;
				GCC_WARN_UNUSED_VARIABLE = YES;
				IPHONEOS_DEPLOYMENT_TARGET = 11.3;
				MTL_ENABLE_DEBUG_INFO = YES;
				ONLY_ACTIVE_ARCH = YES;
				SDKROOT = iphoneos;
				SWIFT_ACTIVE_COMPILATION_CONDITIONS = DEBUG;
				SWIFT_OPTIMIZATION_LEVEL = "-Onone";
			};
			name = Debug;
		};
		2B0B7B0E208F0D2B00532815 /* Release */ = {
			isa = XCBuildConfiguration;
			buildSettings = {
				ALWAYS_SEARCH_USER_PATHS = NO;
				CLANG_ANALYZER_NONNULL = YES;
				CLANG_ANALYZER_NUMBER_OBJECT_CONVERSION = YES_AGGRESSIVE;
				CLANG_CXX_LANGUAGE_STANDARD = "gnu++14";
				CLANG_CXX_LIBRARY = "libc++";
				CLANG_ENABLE_MODULES = YES;
				CLANG_ENABLE_OBJC_ARC = YES;
				CLANG_ENABLE_OBJC_WEAK = YES;
				CLANG_WARN_BLOCK_CAPTURE_AUTORELEASING = YES;
				CLANG_WARN_BOOL_CONVERSION = YES;
				CLANG_WARN_COMMA = YES;
				CLANG_WARN_CONSTANT_CONVERSION = YES;
				CLANG_WARN_DEPRECATED_OBJC_IMPLEMENTATIONS = YES;
				CLANG_WARN_DIRECT_OBJC_ISA_USAGE = YES_ERROR;
				CLANG_WARN_DOCUMENTATION_COMMENTS = YES;
				CLANG_WARN_EMPTY_BODY = YES;
				CLANG_WARN_ENUM_CONVERSION = YES;
				CLANG_WARN_INFINITE_RECURSION = YES;
				CLANG_WARN_INT_CONVERSION = YES;
				CLANG_WARN_NON_LITERAL_NULL_CONVERSION = YES;
				CLANG_WARN_OBJC_IMPLICIT_RETAIN_SELF = YES;
				CLANG_WARN_OBJC_LITERAL_CONVERSION = YES;
				CLANG_WARN_OBJC_ROOT_CLASS = YES_ERROR;
				CLANG_WARN_RANGE_LOOP_ANALYSIS = YES;
				CLANG_WARN_STRICT_PROTOTYPES = YES;
				CLANG_WARN_SUSPICIOUS_MOVE = YES;
				CLANG_WARN_UNGUARDED_AVAILABILITY = YES_AGGRESSIVE;
				CLANG_WARN_UNREACHABLE_CODE = YES;
				CLANG_WARN__DUPLICATE_METHOD_MATCH = YES;
				CODE_SIGN_IDENTITY = "iPhone Developer";
				COPY_PHASE_STRIP = NO;
				DEBUG_INFORMATION_FORMAT = "dwarf-with-dsym";
				ENABLE_NS_ASSERTIONS = NO;
				ENABLE_STRICT_OBJC_MSGSEND = YES;
				GCC_C_LANGUAGE_STANDARD = gnu11;
				GCC_NO_COMMON_BLOCKS = YES;
				GCC_WARN_64_TO_32_BIT_CONVERSION = YES;
				GCC_WARN_ABOUT_RETURN_TYPE = YES_ERROR;
				GCC_WARN_UNDECLARED_SELECTOR = YES;
				GCC_WARN_UNINITIALIZED_AUTOS = YES_AGGRESSIVE;
				GCC_WARN_UNUSED_FUNCTION = YES;
				GCC_WARN_UNUSED_VARIABLE = YES;
				IPHONEOS_DEPLOYMENT_TARGET = 11.3;
				MTL_ENABLE_DEBUG_INFO = NO;
				SDKROOT = iphoneos;
				SWIFT_COMPILATION_MODE = wholemodule;
				SWIFT_OPTIMIZATION_LEVEL = "-O";
				VALIDATE_PRODUCT = YES;
			};
			name = Release;
		};
		2B0B7B10208F0D2B00532815 /* Debug */ = {
			isa = XCBuildConfiguration;
			baseConfigurationReference = 67D84EF8DE2A95CDAF741B0B /* Pods-oneshotchallenge.debug.xcconfig */;
			buildSettings = {
				ASSETCATALOG_COMPILER_APPICON_NAME = AppIcon;
				CODE_SIGN_IDENTITY = "iPhone Developer";
				CODE_SIGN_STYLE = Automatic;
				DEBUG_INFORMATION_FORMAT = "dwarf-with-dsym";
				DEVELOPMENT_TEAM = 28YWBMR6P7;
				INFOPLIST_FILE = oneshotchallenge/Info.plist;
				IPHONEOS_DEPLOYMENT_TARGET = 11.0;
				LD_RUNPATH_SEARCH_PATHS = (
					"$(inherited)",
					"@executable_path/Frameworks",
				);
				PRODUCT_BUNDLE_IDENTIFIER = se.GalvenD.oneshotchallenge;
				PRODUCT_NAME = "$(TARGET_NAME)";
				PROVISIONING_PROFILE = "";
				PROVISIONING_PROFILE_SPECIFIER = "";
				SWIFT_VERSION = 4.0;
				TARGETED_DEVICE_FAMILY = "1,2";
			};
			name = Debug;
		};
		2B0B7B11208F0D2B00532815 /* Release */ = {
			isa = XCBuildConfiguration;
			baseConfigurationReference = 8815B5D1707E46F1F140AD8E /* Pods-oneshotchallenge.release.xcconfig */;
			buildSettings = {
				ASSETCATALOG_COMPILER_APPICON_NAME = AppIcon;
				CODE_SIGN_IDENTITY = "iPhone Developer";
				CODE_SIGN_STYLE = Automatic;
				DEVELOPMENT_TEAM = 28YWBMR6P7;
				INFOPLIST_FILE = oneshotchallenge/Info.plist;
				IPHONEOS_DEPLOYMENT_TARGET = 11.0;
				LD_RUNPATH_SEARCH_PATHS = (
					"$(inherited)",
					"@executable_path/Frameworks",
				);
				PRODUCT_BUNDLE_IDENTIFIER = se.GalvenD.oneshotchallenge;
				PRODUCT_NAME = "$(TARGET_NAME)";
				PROVISIONING_PROFILE = "";
				PROVISIONING_PROFILE_SPECIFIER = "";
				SWIFT_VERSION = 4.0;
				TARGETED_DEVICE_FAMILY = "1,2";
			};
			name = Release;
		};
/* End XCBuildConfiguration section */

/* Begin XCConfigurationList section */
		2B0B7AF8208F0D2900532815 /* Build configuration list for PBXProject "oneshotchallenge" */ = {
			isa = XCConfigurationList;
			buildConfigurations = (
				2B0B7B0D208F0D2B00532815 /* Debug */,
				2B0B7B0E208F0D2B00532815 /* Release */,
			);
			defaultConfigurationIsVisible = 0;
			defaultConfigurationName = Release;
		};
		2B0B7B0F208F0D2B00532815 /* Build configuration list for PBXNativeTarget "oneshotchallenge" */ = {
			isa = XCConfigurationList;
			buildConfigurations = (
				2B0B7B10208F0D2B00532815 /* Debug */,
				2B0B7B11208F0D2B00532815 /* Release */,
			);
			defaultConfigurationIsVisible = 0;
			defaultConfigurationName = Release;
		};
/* End XCConfigurationList section */
	};
	rootObject = 2B0B7AF5208F0D2900532815 /* Project object */;
}
