// !$*UTF8*$!
{
	archiveVersion = 1;
	classes = {
	};
	objectVersion = 50;
	objects = {

/* Begin PBXBuildFile section */
		2B0B7B01208F0D2900532815 /* AppDelegate.swift in Sources */ = {isa = PBXBuildFile; fileRef = 2B0B7B00208F0D2900532815 /* AppDelegate.swift */; };
		2B0B7B03208F0D2900532815 /* MainTabVC.swift in Sources */ = {isa = PBXBuildFile; fileRef = 2B0B7B02208F0D2900532815 /* MainTabVC.swift */; };
		2B0B7B08208F0D2B00532815 /* Assets.xcassets in Resources */ = {isa = PBXBuildFile; fileRef = 2B0B7B07208F0D2B00532815 /* Assets.xcassets */; };
		2B0B7B0B208F0D2B00532815 /* LaunchScreen.storyboard in Resources */ = {isa = PBXBuildFile; fileRef = 2B0B7B09208F0D2B00532815 /* LaunchScreen.storyboard */; };
		2B0B7B14208F0EF700532815 /* ChallengeController.swift in Sources */ = {isa = PBXBuildFile; fileRef = 2B0B7B13208F0EF700532815 /* ChallengeController.swift */; };
		2B0B7B18208F0F5900532815 /* RateController.swift in Sources */ = {isa = PBXBuildFile; fileRef = 2B0B7B17208F0F5900532815 /* RateController.swift */; };
		2B0B7B1B208F0FB600532815 /* UserController.swift in Sources */ = {isa = PBXBuildFile; fileRef = 2B0B7B1A208F0FB600532815 /* UserController.swift */; };
		2B0B7B1E208F11B300532815 /* TopListController.swift in Sources */ = {isa = PBXBuildFile; fileRef = 2B0B7B1D208F11B300532815 /* TopListController.swift */; };
/* End PBXBuildFile section */

/* Begin PBXFileReference section */
		2B0B7AFD208F0D2900532815 /* oneshotchallenge.app */ = {isa = PBXFileReference; explicitFileType = wrapper.application; includeInIndex = 0; path = oneshotchallenge.app; sourceTree = BUILT_PRODUCTS_DIR; };
		2B0B7B00208F0D2900532815 /* AppDelegate.swift */ = {isa = PBXFileReference; lastKnownFileType = sourcecode.swift; path = AppDelegate.swift; sourceTree = "<group>"; };
		2B0B7B02208F0D2900532815 /* MainTabVC.swift */ = {isa = PBXFileReference; lastKnownFileType = sourcecode.swift; path = MainTabVC.swift; sourceTree = "<group>"; };
		2B0B7B07208F0D2B00532815 /* Assets.xcassets */ = {isa = PBXFileReference; lastKnownFileType = folder.assetcatalog; path = Assets.xcassets; sourceTree = "<group>"; };
		2B0B7B0A208F0D2B00532815 /* Base */ = {isa = PBXFileReference; lastKnownFileType = file.storyboard; name = Base; path = Base.lproj/LaunchScreen.storyboard; sourceTree = "<group>"; };
		2B0B7B0C208F0D2B00532815 /* Info.plist */ = {isa = PBXFileReference; lastKnownFileType = text.plist.xml; path = Info.plist; sourceTree = "<group>"; };
		2B0B7B13208F0EF700532815 /* ChallengeController.swift */ = {isa = PBXFileReference; lastKnownFileType = sourcecode.swift; path = ChallengeController.swift; sourceTree = "<group>"; };
		2B0B7B17208F0F5900532815 /* RateController.swift */ = {isa = PBXFileReference; lastKnownFileType = sourcecode.swift; path = RateController.swift; sourceTree = "<group>"; };
		2B0B7B1A208F0FB600532815 /* UserController.swift */ = {isa = PBXFileReference; lastKnownFileType = sourcecode.swift; path = UserController.swift; sourceTree = "<group>"; };
		2B0B7B1D208F11B300532815 /* TopListController.swift */ = {isa = PBXFileReference; lastKnownFileType = sourcecode.swift; path = TopListController.swift; sourceTree = "<group>"; };
/* End PBXFileReference section */

/* Begin PBXFrameworksBuildPhase section */
		2B0B7AFA208F0D2900532815 /* Frameworks */ = {
			isa = PBXFrameworksBuildPhase;
			buildActionMask = 2147483647;
			files = (
			);
			runOnlyForDeploymentPostprocessing = 0;
		};
/* End PBXFrameworksBuildPhase section */

/* Begin PBXGroup section */
		2B0B7AF4208F0D2900532815 = {
			isa = PBXGroup;
			children = (
				2B0B7AFF208F0D2900532815 /* oneshotchallenge */,
				2B0B7AFE208F0D2900532815 /* Products */,
			);
			sourceTree = "<group>";
		};
		2B0B7AFE208F0D2900532815 /* Products */ = {
			isa = PBXGroup;
			children = (
				2B0B7AFD208F0D2900532815 /* oneshotchallenge.app */,
			);
			name = Products;
			sourceTree = "<group>";
		};
		2B0B7AFF208F0D2900532815 /* oneshotchallenge */ = {
			isa = PBXGroup;
			children = (
				2B0B7B00208F0D2900532815 /* AppDelegate.swift */,
				2B0B7B07208F0D2B00532815 /* Assets.xcassets */,
				2B0B7B09208F0D2B00532815 /* LaunchScreen.storyboard */,
				2B0B7B0C208F0D2B00532815 /* Info.plist */,
				2B0B7B12208F0ED500532815 /* VCs */,
			);
			path = oneshotchallenge;
			sourceTree = "<group>";
		};
		2B0B7B12208F0ED500532815 /* VCs */ = {
			isa = PBXGroup;
			children = (
				2B0B7B02208F0D2900532815 /* MainTabVC.swift */,
				2B0B7B15208F0F2900532815 /* ChallengeController */,
				2B0B7B16208F0F3900532815 /* RateController */,
				2B0B7B19208F0F9B00532815 /* UserController */,
				2B0B7B1C208F118F00532815 /* TopListController */,
			);
			path = VCs;
			sourceTree = "<group>";
		};
		2B0B7B15208F0F2900532815 /* ChallengeController */ = {
			isa = PBXGroup;
			children = (
				2B0B7B13208F0EF700532815 /* ChallengeController.swift */,
			);
			path = ChallengeController;
			sourceTree = "<group>";
		};
		2B0B7B16208F0F3900532815 /* RateController */ = {
			isa = PBXGroup;
			children = (
				2B0B7B17208F0F5900532815 /* RateController.swift */,
			);
			path = RateController;
			sourceTree = "<group>";
		};
		2B0B7B19208F0F9B00532815 /* UserController */ = {
			isa = PBXGroup;
			children = (
				2B0B7B1A208F0FB600532815 /* UserController.swift */,
			);
			path = UserController;
			sourceTree = "<group>";
		};
		2B0B7B1C208F118F00532815 /* TopListController */ = {
			isa = PBXGroup;
			children = (
				2B0B7B1D208F11B300532815 /* TopListController.swift */,
			);
			path = TopListController;
			sourceTree = "<group>";
		};
/* End PBXGroup section */

/* Begin PBXNativeTarget section */
		2B0B7AFC208F0D2900532815 /* oneshotchallenge */ = {
			isa = PBXNativeTarget;
			buildConfigurationList = 2B0B7B0F208F0D2B00532815 /* Build configuration list for PBXNativeTarget "oneshotchallenge" */;
			buildPhases = (
				2B0B7AF9208F0D2900532815 /* Sources */,
				2B0B7AFA208F0D2900532815 /* Frameworks */,
				2B0B7AFB208F0D2900532815 /* Resources */,
			);
			buildRules = (
			);
			dependencies = (
			);
			name = oneshotchallenge;
			productName = oneshotchallenge;
			productReference = 2B0B7AFD208F0D2900532815 /* oneshotchallenge.app */;
			productType = "com.apple.product-type.application";
		};
/* End PBXNativeTarget section */

/* Begin PBXProject section */
		2B0B7AF5208F0D2900532815 /* Project object */ = {
			isa = PBXProject;
			attributes = {
				LastSwiftUpdateCheck = 0930;
				LastUpgradeCheck = 0930;
				ORGANIZATIONNAME = GalvenD;
				TargetAttributes = {
					2B0B7AFC208F0D2900532815 = {
						CreatedOnToolsVersion = 9.3;
					};
				};
			};
			buildConfigurationList = 2B0B7AF8208F0D2900532815 /* Build configuration list for PBXProject "oneshotchallenge" */;
			compatibilityVersion = "Xcode 9.3";
			developmentRegion = en;
			hasScannedForEncodings = 0;
			knownRegions = (
				en,
				Base,
			);
			mainGroup = 2B0B7AF4208F0D2900532815;
			productRefGroup = 2B0B7AFE208F0D2900532815 /* Products */;
			projectDirPath = "";
			projectRoot = "";
			targets = (
				2B0B7AFC208F0D2900532815 /* oneshotchallenge */,
			);
		};
/* End PBXProject section */

/* Begin PBXResourcesBuildPhase section */
		2B0B7AFB208F0D2900532815 /* Resources */ = {
			isa = PBXResourcesBuildPhase;
			buildActionMask = 2147483647;
			files = (
				2B0B7B0B208F0D2B00532815 /* LaunchScreen.storyboard in Resources */,
				2B0B7B08208F0D2B00532815 /* Assets.xcassets in Resources */,
			);
			runOnlyForDeploymentPostprocessing = 0;
		};
/* End PBXResourcesBuildPhase section */

/* Begin PBXSourcesBuildPhase section */
		2B0B7AF9208F0D2900532815 /* Sources */ = {
			isa = PBXSourcesBuildPhase;
			buildActionMask = 2147483647;
			files = (
				2B0B7B03208F0D2900532815 /* MainTabVC.swift in Sources */,
				2B0B7B1E208F11B300532815 /* TopListController.swift in Sources */,
				2B0B7B14208F0EF700532815 /* ChallengeController.swift in Sources */,
				2B0B7B1B208F0FB600532815 /* UserController.swift in Sources */,
				2B0B7B01208F0D2900532815 /* AppDelegate.swift in Sources */,
				2B0B7B18208F0F5900532815 /* RateController.swift in Sources */,
			);
			runOnlyForDeploymentPostprocessing = 0;
		};
/* End PBXSourcesBuildPhase section */

/* Begin PBXVariantGroup section */
		2B0B7B09208F0D2B00532815 /* LaunchScreen.storyboard */ = {
			isa = PBXVariantGroup;
			children = (
				2B0B7B0A208F0D2B00532815 /* Base */,
			);
			name = LaunchScreen.storyboard;
			sourceTree = "<group>";
		};
/* End PBXVariantGroup section */

/* Begin XCBuildConfiguration section */
		2B0B7B0D208F0D2B00532815 /* Debug */ = {
			isa = XCBuildConfiguration;
			buildSettings = {
				ALWAYS_SEARCH_USER_PATHS = NO;
				CLANG_ANALYZER_NONNULL = YES;
				CLANG_ANALYZER_NUMBER_OBJECT_CONVERSION = YES_AGGRESSIVE;
				CLANG_CXX_LANGUAGE_STANDARD = "gnu++14";
				CLANG_CXX_LIBRARY = "libc++";
				CLANG_ENABLE_MODULES = YES;
				CLANG_ENABLE_OBJC_ARC = YES;
				CLANG_ENABLE_OBJC_WEAK = YES;
				CLANG_WARN_BLOCK_CAPTURE_AUTORELEASING = YES;
				CLANG_WARN_BOOL_CONVERSION = YES;
				CLANG_WARN_COMMA = YES;
				CLANG_WARN_CONSTANT_CONVERSION = YES;
				CLANG_WARN_DEPRECATED_OBJC_IMPLEMENTATIONS = YES;
				CLANG_WARN_DIRECT_OBJC_ISA_USAGE = YES_ERROR;
				CLANG_WARN_DOCUMENTATION_COMMENTS = YES;
				CLANG_WARN_EMPTY_BODY = YES;
				CLANG_WARN_ENUM_CONVERSION = YES;
				CLANG_WARN_INFINITE_RECURSION = YES;
				CLANG_WARN_INT_CONVERSION = YES;
				CLANG_WARN_NON_LITERAL_NULL_CONVERSION = YES;
				CLANG_WARN_OBJC_IMPLICIT_RETAIN_SELF = YES;
				CLANG_WARN_OBJC_LITERAL_CONVERSION = YES;
				CLANG_WARN_OBJC_ROOT_CLASS = YES_ERROR;
				CLANG_WARN_RANGE_LOOP_ANALYSIS = YES;
				CLANG_WARN_STRICT_PROTOTYPES = YES;
				CLANG_WARN_SUSPICIOUS_MOVE = YES;
				CLANG_WARN_UNGUARDED_AVAILABILITY = YES_AGGRESSIVE;
				CLANG_WARN_UNREACHABLE_CODE = YES;
				CLANG_WARN__DUPLICATE_METHOD_MATCH = YES;
				CODE_SIGN_IDENTITY = "iPhone Developer";
				COPY_PHASE_STRIP = NO;
				DEBUG_INFORMATION_FORMAT = dwarf;
				ENABLE_STRICT_OBJC_MSGSEND = YES;
				ENABLE_TESTABILITY = YES;
				GCC_C_LANGUAGE_STANDARD = gnu11;
				GCC_DYNAMIC_NO_PIC = NO;
				GCC_NO_COMMON_BLOCKS = YES;
				GCC_OPTIMIZATION_LEVEL = 0;
				GCC_PREPROCESSOR_DEFINITIONS = (
					"DEBUG=1",
					"$(inherited)",
				);
				GCC_WARN_64_TO_32_BIT_CONVERSION = YES;
				GCC_WARN_ABOUT_RETURN_TYPE = YES_ERROR;
				GCC_WARN_UNDECLARED_SELECTOR = YES;
				GCC_WARN_UNINITIALIZED_AUTOS = YES_AGGRESSIVE;
				GCC_WARN_UNUSED_FUNCTION = YES;
				GCC_WARN_UNUSED_VARIABLE = YES;
				IPHONEOS_DEPLOYMENT_TARGET = 11.3;
				MTL_ENABLE_DEBUG_INFO = YES;
				ONLY_ACTIVE_ARCH = YES;
				SDKROOT = iphoneos;
				SWIFT_ACTIVE_COMPILATION_CONDITIONS = DEBUG;
				SWIFT_OPTIMIZATION_LEVEL = "-Onone";
			};
			name = Debug;
		};
		2B0B7B0E208F0D2B00532815 /* Release */ = {
			isa = XCBuildConfiguration;
			buildSettings = {
				ALWAYS_SEARCH_USER_PATHS = NO;
				CLANG_ANALYZER_NONNULL = YES;
				CLANG_ANALYZER_NUMBER_OBJECT_CONVERSION = YES_AGGRESSIVE;
				CLANG_CXX_LANGUAGE_STANDARD = "gnu++14";
				CLANG_CXX_LIBRARY = "libc++";
				CLANG_ENABLE_MODULES = YES;
				CLANG_ENABLE_OBJC_ARC = YES;
				CLANG_ENABLE_OBJC_WEAK = YES;
				CLANG_WARN_BLOCK_CAPTURE_AUTORELEASING = YES;
				CLANG_WARN_BOOL_CONVERSION = YES;
				CLANG_WARN_COMMA = YES;
				CLANG_WARN_CONSTANT_CONVERSION = YES;
				CLANG_WARN_DEPRECATED_OBJC_IMPLEMENTATIONS = YES;
				CLANG_WARN_DIRECT_OBJC_ISA_USAGE = YES_ERROR;
				CLANG_WARN_DOCUMENTATION_COMMENTS = YES;
				CLANG_WARN_EMPTY_BODY = YES;
				CLANG_WARN_ENUM_CONVERSION = YES;
				CLANG_WARN_INFINITE_RECURSION = YES;
				CLANG_WARN_INT_CONVERSION = YES;
				CLANG_WARN_NON_LITERAL_NULL_CONVERSION = YES;
				CLANG_WARN_OBJC_IMPLICIT_RETAIN_SELF = YES;
				CLANG_WARN_OBJC_LITERAL_CONVERSION = YES;
				CLANG_WARN_OBJC_ROOT_CLASS = YES_ERROR;
				CLANG_WARN_RANGE_LOOP_ANALYSIS = YES;
				CLANG_WARN_STRICT_PROTOTYPES = YES;
				CLANG_WARN_SUSPICIOUS_MOVE = YES;
				CLANG_WARN_UNGUARDED_AVAILABILITY = YES_AGGRESSIVE;
				CLANG_WARN_UNREACHABLE_CODE = YES;
				CLANG_WARN__DUPLICATE_METHOD_MATCH = YES;
				CODE_SIGN_IDENTITY = "iPhone Developer";
				COPY_PHASE_STRIP = NO;
				DEBUG_INFORMATION_FORMAT = "dwarf-with-dsym";
				ENABLE_NS_ASSERTIONS = NO;
				ENABLE_STRICT_OBJC_MSGSEND = YES;
				GCC_C_LANGUAGE_STANDARD = gnu11;
				GCC_NO_COMMON_BLOCKS = YES;
				GCC_WARN_64_TO_32_BIT_CONVERSION = YES;
				GCC_WARN_ABOUT_RETURN_TYPE = YES_ERROR;
				GCC_WARN_UNDECLARED_SELECTOR = YES;
				GCC_WARN_UNINITIALIZED_AUTOS = YES_AGGRESSIVE;
				GCC_WARN_UNUSED_FUNCTION = YES;
				GCC_WARN_UNUSED_VARIABLE = YES;
				IPHONEOS_DEPLOYMENT_TARGET = 11.3;
				MTL_ENABLE_DEBUG_INFO = NO;
				SDKROOT = iphoneos;
				SWIFT_COMPILATION_MODE = wholemodule;
				SWIFT_OPTIMIZATION_LEVEL = "-O";
				VALIDATE_PRODUCT = YES;
			};
			name = Release;
		};
		2B0B7B10208F0D2B00532815 /* Debug */ = {
			isa = XCBuildConfiguration;
			buildSettings = {
				ASSETCATALOG_COMPILER_APPICON_NAME = AppIcon;
				CODE_SIGN_STYLE = Automatic;
				DEVELOPMENT_TEAM = HY8485T775;
				INFOPLIST_FILE = oneshotchallenge/Info.plist;
				IPHONEOS_DEPLOYMENT_TARGET = 11.0;
				LD_RUNPATH_SEARCH_PATHS = (
					"$(inherited)",
					"@executable_path/Frameworks",
				);
				PRODUCT_BUNDLE_IDENTIFIER = se.GalvenD.oneshotchallenge;
				PRODUCT_NAME = "$(TARGET_NAME)";
				SWIFT_VERSION = 4.0;
				TARGETED_DEVICE_FAMILY = "1,2";
			};
			name = Debug;
		};
		2B0B7B11208F0D2B00532815 /* Release */ = {
			isa = XCBuildConfiguration;
			buildSettings = {
				ASSETCATALOG_COMPILER_APPICON_NAME = AppIcon;
				CODE_SIGN_STYLE = Automatic;
				DEVELOPMENT_TEAM = HY8485T775;
				INFOPLIST_FILE = oneshotchallenge/Info.plist;
				IPHONEOS_DEPLOYMENT_TARGET = 11.0;
				LD_RUNPATH_SEARCH_PATHS = (
					"$(inherited)",
					"@executable_path/Frameworks",
				);
				PRODUCT_BUNDLE_IDENTIFIER = se.GalvenD.oneshotchallenge;
				PRODUCT_NAME = "$(TARGET_NAME)";
				SWIFT_VERSION = 4.0;
				TARGETED_DEVICE_FAMILY = "1,2";
			};
			name = Release;
		};
/* End XCBuildConfiguration section */

/* Begin XCConfigurationList section */
		2B0B7AF8208F0D2900532815 /* Build configuration list for PBXProject "oneshotchallenge" */ = {
			isa = XCConfigurationList;
			buildConfigurations = (
				2B0B7B0D208F0D2B00532815 /* Debug */,
				2B0B7B0E208F0D2B00532815 /* Release */,
			);
			defaultConfigurationIsVisible = 0;
			defaultConfigurationName = Release;
		};
		2B0B7B0F208F0D2B00532815 /* Build configuration list for PBXNativeTarget "oneshotchallenge" */ = {
			isa = XCConfigurationList;
			buildConfigurations = (
				2B0B7B10208F0D2B00532815 /* Debug */,
				2B0B7B11208F0D2B00532815 /* Release */,
			);
			defaultConfigurationIsVisible = 0;
			defaultConfigurationName = Release;
		};
/* End XCConfigurationList section */
	};
	rootObject = 2B0B7AF5208F0D2900532815 /* Project object */;
}
